// !$*UTF8*$!
{
	archiveVersion = 1;
	classes = {
	};
	objectVersion = 50;
	objects = {

/* Begin PBXBuildFile section */
		565BA4A22152919500854F0D /* NetworkData.swift in Sources */ = {isa = PBXBuildFile; fileRef = 565BA4A12152919500854F0D /* NetworkData.swift */; };
		56CD778A215A786000383833 /* PrivatBank_Exchange.swift in Sources */ = {isa = PBXBuildFile; fileRef = 56CD7789215A786000383833 /* PrivatBank_Exchange.swift */; };
		56EEAF312156CEA90089E7A5 /* JsonTable.swift in Sources */ = {isa = PBXBuildFile; fileRef = 56EEAF302156CEA90089E7A5 /* JsonTable.swift */; };
		56FE3AF221518D02000FE89E /* AppDelegate.swift in Sources */ = {isa = PBXBuildFile; fileRef = 56FE3AF121518D02000FE89E /* AppDelegate.swift */; };
		56FE3AF421518D02000FE89E /* MainView.swift in Sources */ = {isa = PBXBuildFile; fileRef = 56FE3AF321518D02000FE89E /* MainView.swift */; };
		56FE3AF721518D02000FE89E /* Main.storyboard in Resources */ = {isa = PBXBuildFile; fileRef = 56FE3AF521518D02000FE89E /* Main.storyboard */; };
		56FE3AFA21518D02000FE89E /* Convenient.xcdatamodeld in Sources */ = {isa = PBXBuildFile; fileRef = 56FE3AF821518D02000FE89E /* Convenient.xcdatamodeld */; };
		56FE3AFC21518D03000FE89E /* Assets.xcassets in Resources */ = {isa = PBXBuildFile; fileRef = 56FE3AFB21518D03000FE89E /* Assets.xcassets */; };
		56FE3AFF21518D03000FE89E /* LaunchScreen.storyboard in Resources */ = {isa = PBXBuildFile; fileRef = 56FE3AFD21518D03000FE89E /* LaunchScreen.storyboard */; };
		56FE3B092151931A000FE89E /* Model.swift in Sources */ = {isa = PBXBuildFile; fileRef = 56FE3B082151931A000FE89E /* Model.swift */; };
/* End PBXBuildFile section */

/* Begin PBXFileReference section */
		565BA4A12152919500854F0D /* NetworkData.swift */ = {isa = PBXFileReference; lastKnownFileType = sourcecode.swift; path = NetworkData.swift; sourceTree = "<group>"; };
		56CD7789215A786000383833 /* PrivatBank_Exchange.swift */ = {isa = PBXFileReference; fileEncoding = 4; lastKnownFileType = sourcecode.swift; path = PrivatBank_Exchange.swift; sourceTree = "<group>"; };
		56EEAF302156CEA90089E7A5 /* JsonTable.swift */ = {isa = PBXFileReference; lastKnownFileType = sourcecode.swift; path = JsonTable.swift; sourceTree = "<group>"; };
		56FE3AEE21518D02000FE89E /* Convenient.app */ = {isa = PBXFileReference; explicitFileType = wrapper.application; includeInIndex = 0; path = Convenient.app; sourceTree = BUILT_PRODUCTS_DIR; };
		56FE3AF121518D02000FE89E /* AppDelegate.swift */ = {isa = PBXFileReference; lastKnownFileType = sourcecode.swift; path = AppDelegate.swift; sourceTree = "<group>"; };
		56FE3AF321518D02000FE89E /* MainView.swift */ = {isa = PBXFileReference; lastKnownFileType = sourcecode.swift; path = MainView.swift; sourceTree = "<group>"; };
		56FE3AF621518D02000FE89E /* Base */ = {isa = PBXFileReference; lastKnownFileType = file.storyboard; name = Base; path = Base.lproj/Main.storyboard; sourceTree = "<group>"; };
		56FE3AF921518D02000FE89E /* Convenient.xcdatamodel */ = {isa = PBXFileReference; lastKnownFileType = wrapper.xcdatamodel; path = Convenient.xcdatamodel; sourceTree = "<group>"; };
		56FE3AFB21518D03000FE89E /* Assets.xcassets */ = {isa = PBXFileReference; lastKnownFileType = folder.assetcatalog; path = Assets.xcassets; sourceTree = "<group>"; };
		56FE3AFE21518D03000FE89E /* Base */ = {isa = PBXFileReference; lastKnownFileType = file.storyboard; name = Base; path = Base.lproj/LaunchScreen.storyboard; sourceTree = "<group>"; };
		56FE3B0021518D03000FE89E /* Info.plist */ = {isa = PBXFileReference; lastKnownFileType = text.plist.xml; path = Info.plist; sourceTree = "<group>"; };
		56FE3B082151931A000FE89E /* Model.swift */ = {isa = PBXFileReference; lastKnownFileType = sourcecode.swift; path = Model.swift; sourceTree = "<group>"; };
/* End PBXFileReference section */

/* Begin PBXFrameworksBuildPhase section */
		56FE3AEB21518D02000FE89E /* Frameworks */ = {
			isa = PBXFrameworksBuildPhase;
			buildActionMask = 2147483647;
			files = (
			);
			runOnlyForDeploymentPostprocessing = 0;
		};
/* End PBXFrameworksBuildPhase section */

/* Begin PBXGroup section */
		565BA4A02152916800854F0D /* Utils */ = {
			isa = PBXGroup;
			children = (
				565BA4A12152919500854F0D /* NetworkData.swift */,
			);
			path = Utils;
			sourceTree = "<group>";
		};
		56FE3AE521518D02000FE89E = {
			isa = PBXGroup;
			children = (
				56FE3AF021518D02000FE89E /* Convenient */,
				56FE3AEF21518D02000FE89E /* Products */,
			);
			sourceTree = "<group>";
		};
		56FE3AEF21518D02000FE89E /* Products */ = {
			isa = PBXGroup;
			children = (
				56FE3AEE21518D02000FE89E /* Convenient.app */,
			);
			name = Products;
			sourceTree = "<group>";
		};
		56FE3AF021518D02000FE89E /* Convenient */ = {
			isa = PBXGroup;
			children = (
				56FE3AF521518D02000FE89E /* Main.storyboard */,
				56FE3AF121518D02000FE89E /* AppDelegate.swift */,
				56FE3AF321518D02000FE89E /* MainView.swift */,
				56EEAF302156CEA90089E7A5 /* JsonTable.swift */,
				56CD7789215A786000383833 /* PrivatBank_Exchange.swift */,
				56FE3B082151931A000FE89E /* Model.swift */,
				56FE3AFB21518D03000FE89E /* Assets.xcassets */,
				56FE3AFD21518D03000FE89E /* LaunchScreen.storyboard */,
				56FE3B0021518D03000FE89E /* Info.plist */,
				56FE3AF821518D02000FE89E /* Convenient.xcdatamodeld */,
				565BA4A02152916800854F0D /* Utils */,
			);
			path = Convenient;
			sourceTree = "<group>";
		};
/* End PBXGroup section */

/* Begin PBXNativeTarget section */
		56FE3AED21518D02000FE89E /* Convenient */ = {
			isa = PBXNativeTarget;
			buildConfigurationList = 56FE3B0321518D03000FE89E /* Build configuration list for PBXNativeTarget "Convenient" */;
			buildPhases = (
				56FE3AEA21518D02000FE89E /* Sources */,
				56FE3AEB21518D02000FE89E /* Frameworks */,
				56FE3AEC21518D02000FE89E /* Resources */,
			);
			buildRules = (
			);
			dependencies = (
			);
			name = Convenient;
			productName = Convenient;
			productReference = 56FE3AEE21518D02000FE89E /* Convenient.app */;
			productType = "com.apple.product-type.application";
		};
/* End PBXNativeTarget section */

/* Begin PBXProject section */
		56FE3AE621518D02000FE89E /* Project object */ = {
			isa = PBXProject;
			attributes = {
				LastSwiftUpdateCheck = 0940;
				LastUpgradeCheck = 0940;
				ORGANIZATIONNAME = "Zinko Vyacheslav";
				TargetAttributes = {
					56FE3AED21518D02000FE89E = {
						CreatedOnToolsVersion = 9.4.1;
					};
				};
			};
			buildConfigurationList = 56FE3AE921518D02000FE89E /* Build configuration list for PBXProject "Convenient" */;
			compatibilityVersion = "Xcode 9.3";
			developmentRegion = en;
			hasScannedForEncodings = 0;
			knownRegions = (
				en,
				Base,
			);
			mainGroup = 56FE3AE521518D02000FE89E;
			productRefGroup = 56FE3AEF21518D02000FE89E /* Products */;
			projectDirPath = "";
			projectRoot = "";
			targets = (
				56FE3AED21518D02000FE89E /* Convenient */,
			);
		};
/* End PBXProject section */

/* Begin PBXResourcesBuildPhase section */
		56FE3AEC21518D02000FE89E /* Resources */ = {
			isa = PBXResourcesBuildPhase;
			buildActionMask = 2147483647;
			files = (
				56FE3AFF21518D03000FE89E /* LaunchScreen.storyboard in Resources */,
				56FE3AFC21518D03000FE89E /* Assets.xcassets in Resources */,
				56FE3AF721518D02000FE89E /* Main.storyboard in Resources */,
			);
			runOnlyForDeploymentPostprocessing = 0;
		};
/* End PBXResourcesBuildPhase section */

/* Begin PBXSourcesBuildPhase section */
		56FE3AEA21518D02000FE89E /* Sources */ = {
			isa = PBXSourcesBuildPhase;
			buildActionMask = 2147483647;
			files = (
				56CD778A215A786000383833 /* PrivatBank_Exchange.swift in Sources */,
				565BA4A22152919500854F0D /* NetworkData.swift in Sources */,
				56FE3B092151931A000FE89E /* Model.swift in Sources */,
				56FE3AFA21518D02000FE89E /* Convenient.xcdatamodeld in Sources */,
				56FE3AF421518D02000FE89E /* MainView.swift in Sources */,
				56EEAF312156CEA90089E7A5 /* JsonTable.swift in Sources */,
				56FE3AF221518D02000FE89E /* AppDelegate.swift in Sources */,
			);
			runOnlyForDeploymentPostprocessing = 0;
		};
/* End PBXSourcesBuildPhase section */

/* Begin PBXVariantGroup section */
		56FE3AF521518D02000FE89E /* Main.storyboard */ = {
			isa = PBXVariantGroup;
			children = (
				56FE3AF621518D02000FE89E /* Base */,
			);
			name = Main.storyboard;
			sourceTree = "<group>";
		};
		56FE3AFD21518D03000FE89E /* LaunchScreen.storyboard */ = {
			isa = PBXVariantGroup;
			children = (
				56FE3AFE21518D03000FE89E /* Base */,
			);
			name = LaunchScreen.storyboard;
			sourceTree = "<group>";
		};
/* End PBXVariantGroup section */

/* Begin XCBuildConfiguration section */
		56FE3B0121518D03000FE89E /* Debug */ = {
			isa = XCBuildConfiguration;
			buildSettings = {
				ALWAYS_SEARCH_USER_PATHS = NO;
				CLANG_ANALYZER_NONNULL = YES;
				CLANG_ANALYZER_NUMBER_OBJECT_CONVERSION = YES_AGGRESSIVE;
				CLANG_CXX_LANGUAGE_STANDARD = "gnu++14";
				CLANG_CXX_LIBRARY = "libc++";
				CLANG_ENABLE_MODULES = YES;
				CLANG_ENABLE_OBJC_ARC = YES;
				CLANG_ENABLE_OBJC_WEAK = YES;
				CLANG_WARN_BLOCK_CAPTURE_AUTORELEASING = YES;
				CLANG_WARN_BOOL_CONVERSION = YES;
				CLANG_WARN_COMMA = YES;
				CLANG_WARN_CONSTANT_CONVERSION = YES;
				CLANG_WARN_DEPRECATED_OBJC_IMPLEMENTATIONS = YES;
				CLANG_WARN_DIRECT_OBJC_ISA_USAGE = YES_ERROR;
				CLANG_WARN_DOCUMENTATION_COMMENTS = YES;
				CLANG_WARN_EMPTY_BODY = YES;
				CLANG_WARN_ENUM_CONVERSION = YES;
				CLANG_WARN_INFINITE_RECURSION = YES;
				CLANG_WARN_INT_CONVERSION = YES;
				CLANG_WARN_NON_LITERAL_NULL_CONVERSION = YES;
				CLANG_WARN_OBJC_IMPLICIT_RETAIN_SELF = YES;
				CLANG_WARN_OBJC_LITERAL_CONVERSION = YES;
				CLANG_WARN_OBJC_ROOT_CLASS = YES_ERROR;
				CLANG_WARN_RANGE_LOOP_ANALYSIS = YES;
				CLANG_WARN_STRICT_PROTOTYPES = YES;
				CLANG_WARN_SUSPICIOUS_MOVE = YES;
				CLANG_WARN_UNGUARDED_AVAILABILITY = YES_AGGRESSIVE;
				CLANG_WARN_UNREACHABLE_CODE = YES;
				CLANG_WARN__DUPLICATE_METHOD_MATCH = YES;
				CODE_SIGN_IDENTITY = "iPhone Developer";
				COPY_PHASE_STRIP = NO;
				DEBUG_INFORMATION_FORMAT = dwarf;
				ENABLE_STRICT_OBJC_MSGSEND = YES;
				ENABLE_TESTABILITY = YES;
				GCC_C_LANGUAGE_STANDARD = gnu11;
				GCC_DYNAMIC_NO_PIC = NO;
				GCC_NO_COMMON_BLOCKS = YES;
				GCC_OPTIMIZATION_LEVEL = 0;
				GCC_PREPROCESSOR_DEFINITIONS = (
					"DEBUG=1",
					"$(inherited)",
				);
				GCC_WARN_64_TO_32_BIT_CONVERSION = YES;
				GCC_WARN_ABOUT_RETURN_TYPE = YES_ERROR;
				GCC_WARN_UNDECLARED_SELECTOR = YES;
				GCC_WARN_UNINITIALIZED_AUTOS = YES_AGGRESSIVE;
				GCC_WARN_UNUSED_FUNCTION = YES;
				GCC_WARN_UNUSED_VARIABLE = YES;
				IPHONEOS_DEPLOYMENT_TARGET = 11.4;
				MTL_ENABLE_DEBUG_INFO = YES;
				ONLY_ACTIVE_ARCH = YES;
				SDKROOT = iphoneos;
				SWIFT_ACTIVE_COMPILATION_CONDITIONS = DEBUG;
				SWIFT_OPTIMIZATION_LEVEL = "-Onone";
			};
			name = Debug;
		};
		56FE3B0221518D03000FE89E /* Release */ = {
			isa = XCBuildConfiguration;
			buildSettings = {
				ALWAYS_SEARCH_USER_PATHS = NO;
				CLANG_ANALYZER_NONNULL = YES;
				CLANG_ANALYZER_NUMBER_OBJECT_CONVERSION = YES_AGGRESSIVE;
				CLANG_CXX_LANGUAGE_STANDARD = "gnu++14";
				CLANG_CXX_LIBRARY = "libc++";
				CLANG_ENABLE_MODULES = YES;
				CLANG_ENABLE_OBJC_ARC = YES;
				CLANG_ENABLE_OBJC_WEAK = YES;
				CLANG_WARN_BLOCK_CAPTURE_AUTORELEASING = YES;
				CLANG_WARN_BOOL_CONVERSION = YES;
				CLANG_WARN_COMMA = YES;
				CLANG_WARN_CONSTANT_CONVERSION = YES;
				CLANG_WARN_DEPRECATED_OBJC_IMPLEMENTATIONS = YES;
				CLANG_WARN_DIRECT_OBJC_ISA_USAGE = YES_ERROR;
				CLANG_WARN_DOCUMENTATION_COMMENTS = YES;
				CLANG_WARN_EMPTY_BODY = YES;
				CLANG_WARN_ENUM_CONVERSION = YES;
				CLANG_WARN_INFINITE_RECURSION = YES;
				CLANG_WARN_INT_CONVERSION = YES;
				CLANG_WARN_NON_LITERAL_NULL_CONVERSION = YES;
				CLANG_WARN_OBJC_IMPLICIT_RETAIN_SELF = YES;
				CLANG_WARN_OBJC_LITERAL_CONVERSION = YES;
				CLANG_WARN_OBJC_ROOT_CLASS = YES_ERROR;
				CLANG_WARN_RANGE_LOOP_ANALYSIS = YES;
				CLANG_WARN_STRICT_PROTOTYPES = YES;
				CLANG_WARN_SUSPICIOUS_MOVE = YES;
				CLANG_WARN_UNGUARDED_AVAILABILITY = YES_AGGRESSIVE;
				CLANG_WARN_UNREACHABLE_CODE = YES;
				CLANG_WARN__DUPLICATE_METHOD_MATCH = YES;
				CODE_SIGN_IDENTITY = "iPhone Developer";
				COPY_PHASE_STRIP = NO;
				DEBUG_INFORMATION_FORMAT = "dwarf-with-dsym";
				ENABLE_NS_ASSERTIONS = NO;
				ENABLE_STRICT_OBJC_MSGSEND = YES;
				GCC_C_LANGUAGE_STANDARD = gnu11;
				GCC_NO_COMMON_BLOCKS = YES;
				GCC_WARN_64_TO_32_BIT_CONVERSION = YES;
				GCC_WARN_ABOUT_RETURN_TYPE = YES_ERROR;
				GCC_WARN_UNDECLARED_SELECTOR = YES;
				GCC_WARN_UNINITIALIZED_AUTOS = YES_AGGRESSIVE;
				GCC_WARN_UNUSED_FUNCTION = YES;
				GCC_WARN_UNUSED_VARIABLE = YES;
				IPHONEOS_DEPLOYMENT_TARGET = 11.4;
				MTL_ENABLE_DEBUG_INFO = NO;
				SDKROOT = iphoneos;
				SWIFT_COMPILATION_MODE = wholemodule;
				SWIFT_OPTIMIZATION_LEVEL = "-O";
				VALIDATE_PRODUCT = YES;
			};
			name = Release;
		};
		56FE3B0421518D03000FE89E /* Debug */ = {
			isa = XCBuildConfiguration;
			buildSettings = {
				ASSETCATALOG_COMPILER_APPICON_NAME = AppIcon;
				CODE_SIGN_STYLE = Automatic;
				DEVELOPMENT_TEAM = LC7P3687MC;
				INFOPLIST_FILE = Convenient/Info.plist;
				IPHONEOS_DEPLOYMENT_TARGET = 10.3;
				LD_RUNPATH_SEARCH_PATHS = (
					"$(inherited)",
					"@executable_path/Frameworks",
				);
				PRODUCT_BUNDLE_IDENTIFIER = organic.Convenient;
				PRODUCT_NAME = "$(TARGET_NAME)";
				SWIFT_VERSION = 4.0;
				TARGETED_DEVICE_FAMILY = "1,2";
			};
			name = Debug;
		};
		56FE3B0521518D03000FE89E /* Release */ = {
			isa = XCBuildConfiguration;
			buildSettings = {
				ASSETCATALOG_COMPILER_APPICON_NAME = AppIcon;
				CODE_SIGN_STYLE = Automatic;
				DEVELOPMENT_TEAM = LC7P3687MC;
				INFOPLIST_FILE = Convenient/Info.plist;
				IPHONEOS_DEPLOYMENT_TARGET = 10.3;
				LD_RUNPATH_SEARCH_PATHS = (
					"$(inherited)",
					"@executable_path/Frameworks",
				);
				PRODUCT_BUNDLE_IDENTIFIER = organic.Convenient;
				PRODUCT_NAME = "$(TARGET_NAME)";
				SWIFT_VERSION = 4.0;
				TARGETED_DEVICE_FAMILY = "1,2";
			};
			name = Release;
		};
/* End XCBuildConfiguration section */

/* Begin XCConfigurationList section */
		56FE3AE921518D02000FE89E /* Build configuration list for PBXProject "Convenient" */ = {
			isa = XCConfigurationList;
			buildConfigurations = (
				56FE3B0121518D03000FE89E /* Debug */,
				56FE3B0221518D03000FE89E /* Release */,
			);
			defaultConfigurationIsVisible = 0;
			defaultConfigurationName = Release;
		};
		56FE3B0321518D03000FE89E /* Build configuration list for PBXNativeTarget "Convenient" */ = {
			isa = XCConfigurationList;
			buildConfigurations = (
				56FE3B0421518D03000FE89E /* Debug */,
				56FE3B0521518D03000FE89E /* Release */,
			);
			defaultConfigurationIsVisible = 0;
			defaultConfigurationName = Release;
		};
/* End XCConfigurationList section */

/* Begin XCVersionGroup section */
		56FE3AF821518D02000FE89E /* Convenient.xcdatamodeld */ = {
			isa = XCVersionGroup;
			children = (
				56FE3AF921518D02000FE89E /* Convenient.xcdatamodel */,
			);
			currentVersion = 56FE3AF921518D02000FE89E /* Convenient.xcdatamodel */;
			path = Convenient.xcdatamodeld;
			sourceTree = "<group>";
			versionGroupType = wrapper.xcdatamodel;
		};
/* End XCVersionGroup section */
	};
	rootObject = 56FE3AE621518D02000FE89E /* Project object */;
}
